
Microsoft Visual Studio Solution File, Format Version 12.00
# Visual Studio Version 17
VisualStudioVersion = 17.9.34701.34
MinimumVisualStudioVersion = 10.0.40219.1
Project("{9A19103F-16F7-4668-BE54-9A1E7A4F7556}") = "Runner", "Runner\Runner.csproj", "{42F8A712-D201-4E61-905D-A63FD9C1D24F}"
EndProject
Project("{9A19103F-16F7-4668-BE54-9A1E7A4F7556}") = "Datapack", "..\Datapack\Datapack.csproj", "{1C314413-8CE6-49FC-85AB-57D96E33B485}"
EndProject
Project("{9A19103F-16F7-4668-BE54-9A1E7A4F7556}") = "Command_parsing", "..\Command_parsing\Command_parsing\Command_parsing.csproj", "{DE2FE682-68EC-4C49-BDF6-E46D07F2B2D0}"
EndProject
Project("{FAE04EC0-301F-11D3-BF4B-00C04F79EFBC}") = "Minecraft_common", "..\Minecraft_versions\Minecraft_common.csproj", "{68A2FCB3-2FCF-434E-9077-7A05E9037F08}"
EndProject
Global
	GlobalSection(SolutionConfigurationPlatforms) = preSolution
		Debug|Any CPU = Debug|Any CPU
		Release|Any CPU = Release|Any CPU
	EndGlobalSection
	GlobalSection(ProjectConfigurationPlatforms) = postSolution
		{42F8A712-D201-4E61-905D-A63FD9C1D24F}.Debug|Any CPU.ActiveCfg = Debug|Any CPU
		{42F8A712-D201-4E61-905D-A63FD9C1D24F}.Debug|Any CPU.Build.0 = Debug|Any CPU
		{42F8A712-D201-4E61-905D-A63FD9C1D24F}.Release|Any CPU.ActiveCfg = Release|Any CPU
		{42F8A712-D201-4E61-905D-A63FD9C1D24F}.Release|Any CPU.Build.0 = Release|Any CPU
		{1C314413-8CE6-49FC-85AB-57D96E33B485}.Debug|Any CPU.ActiveCfg = Debug|Any CPU
		{1C314413-8CE6-49FC-85AB-57D96E33B485}.Debug|Any CPU.Build.0 = Debug|Any CPU
		{1C314413-8CE6-49FC-85AB-57D96E33B485}.Release|Any CPU.ActiveCfg = Release|Any CPU
		{1C314413-8CE6-49FC-85AB-57D96E33B485}.Release|Any CPU.Build.0 = Release|Any CPU
		{DE2FE682-68EC-4C49-BDF6-E46D07F2B2D0}.Debug|Any CPU.ActiveCfg = Debug|Any CPU
		{DE2FE682-68EC-4C49-BDF6-E46D07F2B2D0}.Debug|Any CPU.Build.0 = Debug|Any CPU
		{DE2FE682-68EC-4C49-BDF6-E46D07F2B2D0}.Release|Any CPU.ActiveCfg = Release|Any CPU
		{DE2FE682-68EC-4C49-BDF6-E46D07F2B2D0}.Release|Any CPU.Build.0 = Release|Any CPU
		{68A2FCB3-2FCF-434E-9077-7A05E9037F08}.Debug|Any CPU.ActiveCfg = Debug|Any CPU
		{68A2FCB3-2FCF-434E-9077-7A05E9037F08}.Debug|Any CPU.Build.0 = Debug|Any CPU
		{68A2FCB3-2FCF-434E-9077-7A05E9037F08}.Release|Any CPU.ActiveCfg = Release|Any CPU
		{68A2FCB3-2FCF-434E-9077-7A05E9037F08}.Release|Any CPU.Build.0 = Release|Any CPU
	EndGlobalSection
	GlobalSection(SolutionProperties) = preSolution
		HideSolutionNode = FALSE
	EndGlobalSection
	GlobalSection(ExtensibilityGlobals) = postSolution
		SolutionGuid = {CB4F87A1-A1CE-462E-9B83-9FBAA6DA55F2}
	EndGlobalSection
EndGlobal
